{
  "name": "swagger-editor",
  "lockfileVersion": 2,
  "requires": true,
  "packages": {
    "": {
      "dependencies": {
        "file-saver": "^2.0.5",
        "swagger-editor-dist": "^4.2.7"
      }
    },
    "node_modules/file-saver": {
      "version": "2.0.5",
      "resolved": "https://registry.npmjs.org/file-saver/-/file-saver-2.0.5.tgz",
      "integrity": "sha512-P9bmyZ3h/PRG+Nzga+rbdI4OEpNDzAVyy74uVO9ATgzLK6VtAsYybF/+TOCvrc0MO793d6+42lLyZTw7/ArVzA=="
    },
    "node_modules/swagger-editor-dist": {
      "version": "4.2.7",
      "resolved": "https://registry.npmjs.org/swagger-editor-dist/-/swagger-editor-dist-4.2.7.tgz",
      "integrity": "sha512-86EKyd70++jIyn8RExFFuBBsllnMdZqULLNxH7LqSXYc/aXNe2jAM+pLVljpJe7qif8bbNVNXYCoisnrht7gRg=="
    }
  },
  "dependencies": {
    "file-saver": {
      "version": "2.0.5",
      "resolved": "https://registry.npmjs.org/file-saver/-/file-saver-2.0.5.tgz",
      "integrity": "sha512-P9bmyZ3h/PRG+Nzga+rbdI4OEpNDzAVyy74uVO9ATgzLK6VtAsYybF/+TOCvrc0MO793d6+42lLyZTw7/ArVzA=="
    },
    "swagger-editor-dist": {
      "version": "4.2.7",
      "resolved": "https://registry.npmjs.org/swagger-editor-dist/-/swagger-editor-dist-4.2.7.tgz",
      "integrity": "sha512-86EKyd70++jIyn8RExFFuBBsllnMdZqULLNxH7LqSXYc/aXNe2jAM+pLVljpJe7qif8bbNVNXYCoisnrht7gRg=="
    }
  }
}
